
Microsoft Visual Studio Solution File, Format Version 12.00
# Visual Studio 15
Project("{FAE04EC0-301F-11D3-BF4B-00C04F79EFBC}") = "ShangRaoDaZha", "ShangRaoDaZha.csproj", "{EEA94A95-D624-C2B5-0D73-BD923A986655}"
EndProject
Project("{FAE04EC0-301F-11D3-BF4B-00C04F79EFBC}") = "ShangRaoDaZha.Plugins", "ShangRaoDaZha.Plugins.csproj", "{3A46D8DD-140F-7B90-A9DB-B579B1318B18}"
EndProject
Project("{FAE04EC0-301F-11D3-BF4B-00C04F79EFBC}") = "ShangRaoDaZha.Editor", "ShangRaoDaZha.Editor.csproj", "{408D3277-6185-237E-0FE8-A80F6980A53A}"
EndProject
Project("{FAE04EC0-301F-11D3-BF4B-00C04F79EFBC}") = "ShangRaoDaZha.Editor.Plugins", "ShangRaoDaZha.Editor.Plugins.csproj", "{0B4F9A99-48FE-899F-28A2-D84C7E384083}"
EndProject
Global
	GlobalSection(SolutionConfigurationPlatforms) = preSolution
		Debug|Any CPU = Debug|Any CPU
		Release|Any CPU = Release|Any CPU
	EndGlobalSection
	GlobalSection(ProjectConfigurationPlatforms) = postSolution
		{EEA94A95-D624-C2B5-0D73-BD923A986655}.Debug|Any CPU.ActiveCfg = Debug|Any CPU
		{EEA94A95-D624-C2B5-0D73-BD923A986655}.Debug|Any CPU.Build.0 = Debug|Any CPU
		{EEA94A95-D624-C2B5-0D73-BD923A986655}.Release|Any CPU.ActiveCfg = Release|Any CPU
		{EEA94A95-D624-C2B5-0D73-BD923A986655}.Release|Any CPU.Build.0 = Release|Any CPU
		{3A46D8DD-140F-7B90-A9DB-B579B1318B18}.Debug|Any CPU.ActiveCfg = Debug|Any CPU
		{3A46D8DD-140F-7B90-A9DB-B579B1318B18}.Debug|Any CPU.Build.0 = Debug|Any CPU
		{3A46D8DD-140F-7B90-A9DB-B579B1318B18}.Release|Any CPU.ActiveCfg = Release|Any CPU
		{3A46D8DD-140F-7B90-A9DB-B579B1318B18}.Release|Any CPU.Build.0 = Release|Any CPU
		{408D3277-6185-237E-0FE8-A80F6980A53A}.Debug|Any CPU.ActiveCfg = Debug|Any CPU
		{408D3277-6185-237E-0FE8-A80F6980A53A}.Debug|Any CPU.Build.0 = Debug|Any CPU
		{408D3277-6185-237E-0FE8-A80F6980A53A}.Release|Any CPU.ActiveCfg = Release|Any CPU
		{408D3277-6185-237E-0FE8-A80F6980A53A}.Release|Any CPU.Build.0 = Release|Any CPU
		{0B4F9A99-48FE-899F-28A2-D84C7E384083}.Debug|Any CPU.ActiveCfg = Debug|Any CPU
		{0B4F9A99-48FE-899F-28A2-D84C7E384083}.Debug|Any CPU.Build.0 = Debug|Any CPU
		{0B4F9A99-48FE-899F-28A2-D84C7E384083}.Release|Any CPU.ActiveCfg = Release|Any CPU
		{0B4F9A99-48FE-899F-28A2-D84C7E384083}.Release|Any CPU.Build.0 = Release|Any CPU
	EndGlobalSection
	GlobalSection(SolutionProperties) = preSolution
		HideSolutionNode = FALSE
	EndGlobalSection
EndGlobal
